
Microsoft Visual Studio Solution File, Format Version 12.00
# Visual Studio Version 17
VisualStudioVersion = 17.2.32526.322
MinimumVisualStudioVersion = 10.0.40219.1
Project("{9A19103F-16F7-4668-BE54-9A1E7A4F7556}") = "Kae.Tools.Generator", "Kae.Tools.Generator\Kae.Tools.Generator.csproj", "{EA9CFBA9-2EE5-44D1-A89E-34E6CEAC95B1}"
EndProject
Project("{9A19103F-16F7-4668-BE54-9A1E7A4F7556}") = "ConsoleAppSample", "ConsoleAppSample\ConsoleAppSample.csproj", "{6CBA0F2A-6728-47F4-9C8F-A52D5A834FCE}"
EndProject
Project("{FAE04EC0-301F-11D3-BF4B-00C04F79EFBC}") = "SampleColoringGenerator", "SampleColoringGenerator\SampleColoringGenerator.csproj", "{B8799082-C76E-47C6-959E-FBEECA739D61}"
EndProject
Project("{FAE04EC0-301F-11D3-BF4B-00C04F79EFBC}") = "TestColoringManager", "TestColoringManager\TestColoringManager.csproj", "{D9CB53B8-DC46-44CF-89F4-2A71521C6AAD}"
EndProject
Global
	GlobalSection(SolutionConfigurationPlatforms) = preSolution
		Debug|Any CPU = Debug|Any CPU
		Release|Any CPU = Release|Any CPU
	EndGlobalSection
	GlobalSection(ProjectConfigurationPlatforms) = postSolution
		{EA9CFBA9-2EE5-44D1-A89E-34E6CEAC95B1}.Debug|Any CPU.ActiveCfg = Debug|Any CPU
		{EA9CFBA9-2EE5-44D1-A89E-34E6CEAC95B1}.Debug|Any CPU.Build.0 = Debug|Any CPU
		{EA9CFBA9-2EE5-44D1-A89E-34E6CEAC95B1}.Release|Any CPU.ActiveCfg = Release|Any CPU
		{EA9CFBA9-2EE5-44D1-A89E-34E6CEAC95B1}.Release|Any CPU.Build.0 = Release|Any CPU
		{6CBA0F2A-6728-47F4-9C8F-A52D5A834FCE}.Debug|Any CPU.ActiveCfg = Debug|Any CPU
		{6CBA0F2A-6728-47F4-9C8F-A52D5A834FCE}.Debug|Any CPU.Build.0 = Debug|Any CPU
		{6CBA0F2A-6728-47F4-9C8F-A52D5A834FCE}.Release|Any CPU.ActiveCfg = Release|Any CPU
		{6CBA0F2A-6728-47F4-9C8F-A52D5A834FCE}.Release|Any CPU.Build.0 = Release|Any CPU
		{B8799082-C76E-47C6-959E-FBEECA739D61}.Debug|Any CPU.ActiveCfg = Debug|Any CPU
		{B8799082-C76E-47C6-959E-FBEECA739D61}.Debug|Any CPU.Build.0 = Debug|Any CPU
		{B8799082-C76E-47C6-959E-FBEECA739D61}.Release|Any CPU.ActiveCfg = Release|Any CPU
		{B8799082-C76E-47C6-959E-FBEECA739D61}.Release|Any CPU.Build.0 = Release|Any CPU
		{D9CB53B8-DC46-44CF-89F4-2A71521C6AAD}.Debug|Any CPU.ActiveCfg = Debug|Any CPU
		{D9CB53B8-DC46-44CF-89F4-2A71521C6AAD}.Debug|Any CPU.Build.0 = Debug|Any CPU
		{D9CB53B8-DC46-44CF-89F4-2A71521C6AAD}.Release|Any CPU.ActiveCfg = Release|Any CPU
		{D9CB53B8-DC46-44CF-89F4-2A71521C6AAD}.Release|Any CPU.Build.0 = Release|Any CPU
	EndGlobalSection
	GlobalSection(SolutionProperties) = preSolution
		HideSolutionNode = FALSE
	EndGlobalSection
	GlobalSection(ExtensibilityGlobals) = postSolution
		SolutionGuid = {B707CD78-14F8-4BDC-9F2C-E1AC6D7CD912}
	EndGlobalSection
EndGlobal
